// !$*UTF8*$!
{
	archiveVersion = 1;
	classes = {
	};
	objectVersion = 55;
	objects = {

/* Begin PBXBuildFile section */
		00796E4D283FF60D00194422 /* ExchangeField.swift in Sources */ = {isa = PBXBuildFile; fileRef = 00796E4C283FF60D00194422 /* ExchangeField.swift */; };
		00796E51283FF6A400194422 /* ExchangeField.xib in Resources */ = {isa = PBXBuildFile; fileRef = 00796E50283FF6A400194422 /* ExchangeField.xib */; };
		008CA4A5283F95AB00FD92C6 /* Extencion UIImage.swift in Sources */ = {isa = PBXBuildFile; fileRef = 008CA4A4283F95AB00FD92C6 /* Extencion UIImage.swift */; };
		176760299287681A4F6844DA /* Pods_NormExchange.framework in Frameworks */ = {isa = PBXBuildFile; fileRef = 1C6931E9FD06B5350BEA2E67 /* Pods_NormExchange.framework */; };
		7F14045B283BE7C0005AD5B9 /* AppDelegate.swift in Sources */ = {isa = PBXBuildFile; fileRef = 7F14045A283BE7C0005AD5B9 /* AppDelegate.swift */; };
		7F14045D283BE7C0005AD5B9 /* SceneDelegate.swift in Sources */ = {isa = PBXBuildFile; fileRef = 7F14045C283BE7C0005AD5B9 /* SceneDelegate.swift */; };
		7F14045F283BE7C0005AD5B9 /* ViewController.swift in Sources */ = {isa = PBXBuildFile; fileRef = 7F14045E283BE7C0005AD5B9 /* ViewController.swift */; };
		7F140462283BE7C0005AD5B9 /* Main.storyboard in Resources */ = {isa = PBXBuildFile; fileRef = 7F140460283BE7C0005AD5B9 /* Main.storyboard */; };
		7F140464283BE7C2005AD5B9 /* Assets.xcassets in Resources */ = {isa = PBXBuildFile; fileRef = 7F140463283BE7C2005AD5B9 /* Assets.xcassets */; };
		7F140467283BE7C2005AD5B9 /* LaunchScreen.storyboard in Resources */ = {isa = PBXBuildFile; fileRef = 7F140465283BE7C2005AD5B9 /* LaunchScreen.storyboard */; };
		7F207182283BECA200C6ECF4 /* Currency.swift in Sources */ = {isa = PBXBuildFile; fileRef = 7F207181283BECA200C6ECF4 /* Currency.swift */; };
		7F207184283BEE3400C6ECF4 /* NetworkManager.swift in Sources */ = {isa = PBXBuildFile; fileRef = 7F207183283BEE3400C6ECF4 /* NetworkManager.swift */; };
		7FF7112D283BEA1100BE8054 /* NBRBApi.swift in Sources */ = {isa = PBXBuildFile; fileRef = 7FF7112C283BEA1100BE8054 /* NBRBApi.swift */; };
/* End PBXBuildFile section */

/* Begin PBXFileReference section */
		00796E4C283FF60D00194422 /* ExchangeField.swift */ = {isa = PBXFileReference; lastKnownFileType = sourcecode.swift; path = ExchangeField.swift; sourceTree = "<group>"; };
		00796E50283FF6A400194422 /* ExchangeField.xib */ = {isa = PBXFileReference; lastKnownFileType = file.xib; path = ExchangeField.xib; sourceTree = "<group>"; };
		008CA4A4283F95AB00FD92C6 /* Extencion UIImage.swift */ = {isa = PBXFileReference; lastKnownFileType = sourcecode.swift; path = "Extencion UIImage.swift"; sourceTree = "<group>"; };
		1C6931E9FD06B5350BEA2E67 /* Pods_NormExchange.framework */ = {isa = PBXFileReference; explicitFileType = wrapper.framework; includeInIndex = 0; path = Pods_NormExchange.framework; sourceTree = BUILT_PRODUCTS_DIR; };
		7F140457283BE7C0005AD5B9 /* NormExchange.app */ = {isa = PBXFileReference; explicitFileType = wrapper.application; includeInIndex = 0; path = NormExchange.app; sourceTree = BUILT_PRODUCTS_DIR; };
		7F14045A283BE7C0005AD5B9 /* AppDelegate.swift */ = {isa = PBXFileReference; lastKnownFileType = sourcecode.swift; path = AppDelegate.swift; sourceTree = "<group>"; };
		7F14045C283BE7C0005AD5B9 /* SceneDelegate.swift */ = {isa = PBXFileReference; lastKnownFileType = sourcecode.swift; path = SceneDelegate.swift; sourceTree = "<group>"; };
		7F14045E283BE7C0005AD5B9 /* ViewController.swift */ = {isa = PBXFileReference; lastKnownFileType = sourcecode.swift; path = ViewController.swift; sourceTree = "<group>"; };
		7F140461283BE7C0005AD5B9 /* Base */ = {isa = PBXFileReference; lastKnownFileType = file.storyboard; name = Base; path = Base.lproj/Main.storyboard; sourceTree = "<group>"; };
		7F140463283BE7C2005AD5B9 /* Assets.xcassets */ = {isa = PBXFileReference; lastKnownFileType = folder.assetcatalog; path = Assets.xcassets; sourceTree = "<group>"; };
		7F140466283BE7C2005AD5B9 /* Base */ = {isa = PBXFileReference; lastKnownFileType = file.storyboard; name = Base; path = Base.lproj/LaunchScreen.storyboard; sourceTree = "<group>"; };
		7F140468283BE7C2005AD5B9 /* Info.plist */ = {isa = PBXFileReference; lastKnownFileType = text.plist.xml; path = Info.plist; sourceTree = "<group>"; };
		7F207181283BECA200C6ECF4 /* Currency.swift */ = {isa = PBXFileReference; lastKnownFileType = sourcecode.swift; path = Currency.swift; sourceTree = "<group>"; };
		7F207183283BEE3400C6ECF4 /* NetworkManager.swift */ = {isa = PBXFileReference; lastKnownFileType = sourcecode.swift; path = NetworkManager.swift; sourceTree = "<group>"; };
		7FF7112C283BEA1100BE8054 /* NBRBApi.swift */ = {isa = PBXFileReference; lastKnownFileType = sourcecode.swift; path = NBRBApi.swift; sourceTree = "<group>"; };
		8F6FD8E7181D0B9237811082 /* Pods-NormExchange.release.xcconfig */ = {isa = PBXFileReference; includeInIndex = 1; lastKnownFileType = text.xcconfig; name = "Pods-NormExchange.release.xcconfig"; path = "Target Support Files/Pods-NormExchange/Pods-NormExchange.release.xcconfig"; sourceTree = "<group>"; };
		AB04F44FC0F316BEC8662150 /* Pods-NormExchange.debug.xcconfig */ = {isa = PBXFileReference; includeInIndex = 1; lastKnownFileType = text.xcconfig; name = "Pods-NormExchange.debug.xcconfig"; path = "Target Support Files/Pods-NormExchange/Pods-NormExchange.debug.xcconfig"; sourceTree = "<group>"; };
/* End PBXFileReference section */

/* Begin PBXFrameworksBuildPhase section */
		7F140454283BE7C0005AD5B9 /* Frameworks */ = {
			isa = PBXFrameworksBuildPhase;
			buildActionMask = 2147483647;
			files = (
				176760299287681A4F6844DA /* Pods_NormExchange.framework in Frameworks */,
			);
			runOnlyForDeploymentPostprocessing = 0;
		};
/* End PBXFrameworksBuildPhase section */

/* Begin PBXGroup section */
		00796E4B283FF5CE00194422 /* ExchangeField */ = {
			isa = PBXGroup;
			children = (
				00796E4C283FF60D00194422 /* ExchangeField.swift */,
				00796E50283FF6A400194422 /* ExchangeField.xib */,
			);
			path = ExchangeField;
			sourceTree = "<group>";
		};
		20604E6CCA69864739B07234 /* Pods */ = {
			isa = PBXGroup;
			children = (
				AB04F44FC0F316BEC8662150 /* Pods-NormExchange.debug.xcconfig */,
				8F6FD8E7181D0B9237811082 /* Pods-NormExchange.release.xcconfig */,
			);
			path = Pods;
			sourceTree = "<group>";
		};
		7F14044E283BE7C0005AD5B9 = {
			isa = PBXGroup;
			children = (
				7F140459283BE7C0005AD5B9 /* NormExchange */,
				7F140458283BE7C0005AD5B9 /* Products */,
				20604E6CCA69864739B07234 /* Pods */,
				94A907B399E42996ED3341E7 /* Frameworks */,
			);
			sourceTree = "<group>";
		};
		7F140458283BE7C0005AD5B9 /* Products */ = {
			isa = PBXGroup;
			children = (
				7F140457283BE7C0005AD5B9 /* NormExchange.app */,
			);
			name = Products;
			sourceTree = "<group>";
		};
		7F140459283BE7C0005AD5B9 /* NormExchange */ = {
			isa = PBXGroup;
			children = (
				00796E4B283FF5CE00194422 /* ExchangeField */,
				7F14045A283BE7C0005AD5B9 /* AppDelegate.swift */,
				7F14045C283BE7C0005AD5B9 /* SceneDelegate.swift */,
				7F14045E283BE7C0005AD5B9 /* ViewController.swift */,
				7F140460283BE7C0005AD5B9 /* Main.storyboard */,
				7F140463283BE7C2005AD5B9 /* Assets.xcassets */,
				7F140465283BE7C2005AD5B9 /* LaunchScreen.storyboard */,
				7F140468283BE7C2005AD5B9 /* Info.plist */,
				7FF7112C283BEA1100BE8054 /* NBRBApi.swift */,
				7F207181283BECA200C6ECF4 /* Currency.swift */,
				7F207183283BEE3400C6ECF4 /* NetworkManager.swift */,
				008CA4A4283F95AB00FD92C6 /* Extencion UIImage.swift */,
			);
			path = NormExchange;
			sourceTree = "<group>";
		};
		94A907B399E42996ED3341E7 /* Frameworks */ = {
			isa = PBXGroup;
			children = (
				1C6931E9FD06B5350BEA2E67 /* Pods_NormExchange.framework */,
			);
			name = Frameworks;
			sourceTree = "<group>";
		};
/* End PBXGroup section */

/* Begin PBXNativeTarget section */
		7F140456283BE7C0005AD5B9 /* NormExchange */ = {
			isa = PBXNativeTarget;
			buildConfigurationList = 7F14046B283BE7C2005AD5B9 /* Build configuration list for PBXNativeTarget "NormExchange" */;
			buildPhases = (
				5416411BF2D08D653FE595EF /* [CP] Check Pods Manifest.lock */,
				7F140453283BE7C0005AD5B9 /* Sources */,
				7F140454283BE7C0005AD5B9 /* Frameworks */,
				7F140455283BE7C0005AD5B9 /* Resources */,
				802A814D10D3CD0CDC68A769 /* [CP] Embed Pods Frameworks */,
			);
			buildRules = (
			);
			dependencies = (
			);
			name = NormExchange;
			productName = NormExchange;
			productReference = 7F140457283BE7C0005AD5B9 /* NormExchange.app */;
			productType = "com.apple.product-type.application";
		};
/* End PBXNativeTarget section */

/* Begin PBXProject section */
		7F14044F283BE7C0005AD5B9 /* Project object */ = {
			isa = PBXProject;
			attributes = {
				BuildIndependentTargetsInParallel = 1;
				LastSwiftUpdateCheck = 1320;
				LastUpgradeCheck = 1320;
				TargetAttributes = {
					7F140456283BE7C0005AD5B9 = {
						CreatedOnToolsVersion = 13.2.1;
					};
				};
			};
			buildConfigurationList = 7F140452283BE7C0005AD5B9 /* Build configuration list for PBXProject "NormExchange" */;
			compatibilityVersion = "Xcode 13.0";
			developmentRegion = en;
			hasScannedForEncodings = 0;
			knownRegions = (
				en,
				Base,
			);
			mainGroup = 7F14044E283BE7C0005AD5B9;
			productRefGroup = 7F140458283BE7C0005AD5B9 /* Products */;
			projectDirPath = "";
			projectRoot = "";
			targets = (
				7F140456283BE7C0005AD5B9 /* NormExchange */,
			);
		};
/* End PBXProject section */

/* Begin PBXResourcesBuildPhase section */
		7F140455283BE7C0005AD5B9 /* Resources */ = {
			isa = PBXResourcesBuildPhase;
			buildActionMask = 2147483647;
			files = (
				7F140467283BE7C2005AD5B9 /* LaunchScreen.storyboard in Resources */,
				7F140464283BE7C2005AD5B9 /* Assets.xcassets in Resources */,
				7F140462283BE7C0005AD5B9 /* Main.storyboard in Resources */,
				00796E51283FF6A400194422 /* ExchangeField.xib in Resources */,
			);
			runOnlyForDeploymentPostprocessing = 0;
		};
/* End PBXResourcesBuildPhase section */

/* Begin PBXShellScriptBuildPhase section */
		5416411BF2D08D653FE595EF /* [CP] Check Pods Manifest.lock */ = {
			isa = PBXShellScriptBuildPhase;
			buildActionMask = 2147483647;
			files = (
			);
			inputFileListPaths = (
			);
			inputPaths = (
				"${PODS_PODFILE_DIR_PATH}/Podfile.lock",
				"${PODS_ROOT}/Manifest.lock",
			);
			name = "[CP] Check Pods Manifest.lock";
			outputFileListPaths = (
			);
			outputPaths = (
				"$(DERIVED_FILE_DIR)/Pods-NormExchange-checkManifestLockResult.txt",
			);
			runOnlyForDeploymentPostprocessing = 0;
			shellPath = /bin/sh;
			shellScript = "diff \"${PODS_PODFILE_DIR_PATH}/Podfile.lock\" \"${PODS_ROOT}/Manifest.lock\" > /dev/null\nif [ $? != 0 ] ; then\n    # print error to STDERR\n    echo \"error: The sandbox is not in sync with the Podfile.lock. Run 'pod install' or update your CocoaPods installation.\" >&2\n    exit 1\nfi\n# This output is used by Xcode 'outputs' to avoid re-running this script phase.\necho \"SUCCESS\" > \"${SCRIPT_OUTPUT_FILE_0}\"\n";
			showEnvVarsInLog = 0;
		};
		802A814D10D3CD0CDC68A769 /* [CP] Embed Pods Frameworks */ = {
			isa = PBXShellScriptBuildPhase;
			buildActionMask = 2147483647;
			files = (
			);
			inputFileListPaths = (
				"${PODS_ROOT}/Target Support Files/Pods-NormExchange/Pods-NormExchange-frameworks-${CONFIGURATION}-input-files.xcfilelist",
			);
			name = "[CP] Embed Pods Frameworks";
			outputFileListPaths = (
				"${PODS_ROOT}/Target Support Files/Pods-NormExchange/Pods-NormExchange-frameworks-${CONFIGURATION}-output-files.xcfilelist",
			);
			runOnlyForDeploymentPostprocessing = 0;
			shellPath = /bin/sh;
			shellScript = "\"${PODS_ROOT}/Target Support Files/Pods-NormExchange/Pods-NormExchange-frameworks.sh\"\n";
			showEnvVarsInLog = 0;
		};
/* End PBXShellScriptBuildPhase section */

/* Begin PBXSourcesBuildPhase section */
		7F140453283BE7C0005AD5B9 /* Sources */ = {
			isa = PBXSourcesBuildPhase;
			buildActionMask = 2147483647;
			files = (
				7F207184283BEE3400C6ECF4 /* NetworkManager.swift in Sources */,
				7F14045F283BE7C0005AD5B9 /* ViewController.swift in Sources */,
				7F207182283BECA200C6ECF4 /* Currency.swift in Sources */,
				7F14045B283BE7C0005AD5B9 /* AppDelegate.swift in Sources */,
				7FF7112D283BEA1100BE8054 /* NBRBApi.swift in Sources */,
				00796E4D283FF60D00194422 /* ExchangeField.swift in Sources */,
				008CA4A5283F95AB00FD92C6 /* Extencion UIImage.swift in Sources */,
				7F14045D283BE7C0005AD5B9 /* SceneDelegate.swift in Sources */,
			);
			runOnlyForDeploymentPostprocessing = 0;
		};
/* End PBXSourcesBuildPhase section */

/* Begin PBXVariantGroup section */
		7F140460283BE7C0005AD5B9 /* Main.storyboard */ = {
			isa = PBXVariantGroup;
			children = (
				7F140461283BE7C0005AD5B9 /* Base */,
			);
			name = Main.storyboard;
			sourceTree = "<group>";
		};
		7F140465283BE7C2005AD5B9 /* LaunchScreen.storyboard */ = {
			isa = PBXVariantGroup;
			children = (
				7F140466283BE7C2005AD5B9 /* Base */,
			);
			name = LaunchScreen.storyboard;
			sourceTree = "<group>";
		};
/* End PBXVariantGroup section */

/* Begin XCBuildConfiguration section */
		7F140469283BE7C2005AD5B9 /* Debug */ = {
			isa = XCBuildConfiguration;
			buildSettings = {
				ALWAYS_SEARCH_USER_PATHS = NO;
				CLANG_ANALYZER_NONNULL = YES;
				CLANG_ANALYZER_NUMBER_OBJECT_CONVERSION = YES_AGGRESSIVE;
				CLANG_CXX_LANGUAGE_STANDARD = "gnu++17";
				CLANG_CXX_LIBRARY = "libc++";
				CLANG_ENABLE_MODULES = YES;
				CLANG_ENABLE_OBJC_ARC = YES;
				CLANG_ENABLE_OBJC_WEAK = YES;
				CLANG_WARN_BLOCK_CAPTURE_AUTORELEASING = YES;
				CLANG_WARN_BOOL_CONVERSION = YES;
				CLANG_WARN_COMMA = YES;
				CLANG_WARN_CONSTANT_CONVERSION = YES;
				CLANG_WARN_DEPRECATED_OBJC_IMPLEMENTATIONS = YES;
				CLANG_WARN_DIRECT_OBJC_ISA_USAGE = YES_ERROR;
				CLANG_WARN_DOCUMENTATION_COMMENTS = YES;
				CLANG_WARN_EMPTY_BODY = YES;
				CLANG_WARN_ENUM_CONVERSION = YES;
				CLANG_WARN_INFINITE_RECURSION = YES;
				CLANG_WARN_INT_CONVERSION = YES;
				CLANG_WARN_NON_LITERAL_NULL_CONVERSION = YES;
				CLANG_WARN_OBJC_IMPLICIT_RETAIN_SELF = YES;
				CLANG_WARN_OBJC_LITERAL_CONVERSION = YES;
				CLANG_WARN_OBJC_ROOT_CLASS = YES_ERROR;
				CLANG_WARN_QUOTED_INCLUDE_IN_FRAMEWORK_HEADER = YES;
				CLANG_WARN_RANGE_LOOP_ANALYSIS = YES;
				CLANG_WARN_STRICT_PROTOTYPES = YES;
				CLANG_WARN_SUSPICIOUS_MOVE = YES;
				CLANG_WARN_UNGUARDED_AVAILABILITY = YES_AGGRESSIVE;
				CLANG_WARN_UNREACHABLE_CODE = YES;
				CLANG_WARN__DUPLICATE_METHOD_MATCH = YES;
				COPY_PHASE_STRIP = NO;
				DEBUG_INFORMATION_FORMAT = dwarf;
				ENABLE_STRICT_OBJC_MSGSEND = YES;
				ENABLE_TESTABILITY = YES;
				GCC_C_LANGUAGE_STANDARD = gnu11;
				GCC_DYNAMIC_NO_PIC = NO;
				GCC_NO_COMMON_BLOCKS = YES;
				GCC_OPTIMIZATION_LEVEL = 0;
				GCC_PREPROCESSOR_DEFINITIONS = (
					"DEBUG=1",
					"$(inherited)",
				);
				GCC_WARN_64_TO_32_BIT_CONVERSION = YES;
				GCC_WARN_ABOUT_RETURN_TYPE = YES_ERROR;
				GCC_WARN_UNDECLARED_SELECTOR = YES;
				GCC_WARN_UNINITIALIZED_AUTOS = YES_AGGRESSIVE;
				GCC_WARN_UNUSED_FUNCTION = YES;
				GCC_WARN_UNUSED_VARIABLE = YES;
				IPHONEOS_DEPLOYMENT_TARGET = 15.2;
				MTL_ENABLE_DEBUG_INFO = INCLUDE_SOURCE;
				MTL_FAST_MATH = YES;
				ONLY_ACTIVE_ARCH = YES;
				SDKROOT = iphoneos;
				SWIFT_ACTIVE_COMPILATION_CONDITIONS = DEBUG;
				SWIFT_OPTIMIZATION_LEVEL = "-Onone";
			};
			name = Debug;
		};
		7F14046A283BE7C2005AD5B9 /* Release */ = {
			isa = XCBuildConfiguration;
			buildSettings = {
				ALWAYS_SEARCH_USER_PATHS = NO;
				CLANG_ANALYZER_NONNULL = YES;
				CLANG_ANALYZER_NUMBER_OBJECT_CONVERSION = YES_AGGRESSIVE;
				CLANG_CXX_LANGUAGE_STANDARD = "gnu++17";
				CLANG_CXX_LIBRARY = "libc++";
				CLANG_ENABLE_MODULES = YES;
				CLANG_ENABLE_OBJC_ARC = YES;
				CLANG_ENABLE_OBJC_WEAK = YES;
				CLANG_WARN_BLOCK_CAPTURE_AUTORELEASING = YES;
				CLANG_WARN_BOOL_CONVERSION = YES;
				CLANG_WARN_COMMA = YES;
				CLANG_WARN_CONSTANT_CONVERSION = YES;
				CLANG_WARN_DEPRECATED_OBJC_IMPLEMENTATIONS = YES;
				CLANG_WARN_DIRECT_OBJC_ISA_USAGE = YES_ERROR;
				CLANG_WARN_DOCUMENTATION_COMMENTS = YES;
				CLANG_WARN_EMPTY_BODY = YES;
				CLANG_WARN_ENUM_CONVERSION = YES;
				CLANG_WARN_INFINITE_RECURSION = YES;
				CLANG_WARN_INT_CONVERSION = YES;
				CLANG_WARN_NON_LITERAL_NULL_CONVERSION = YES;
				CLANG_WARN_OBJC_IMPLICIT_RETAIN_SELF = YES;
				CLANG_WARN_OBJC_LITERAL_CONVERSION = YES;
				CLANG_WARN_OBJC_ROOT_CLASS = YES_ERROR;
				CLANG_WARN_QUOTED_INCLUDE_IN_FRAMEWORK_HEADER = YES;
				CLANG_WARN_RANGE_LOOP_ANALYSIS = YES;
				CLANG_WARN_STRICT_PROTOTYPES = YES;
				CLANG_WARN_SUSPICIOUS_MOVE = YES;
				CLANG_WARN_UNGUARDED_AVAILABILITY = YES_AGGRESSIVE;
				CLANG_WARN_UNREACHABLE_CODE = YES;
				CLANG_WARN__DUPLICATE_METHOD_MATCH = YES;
				COPY_PHASE_STRIP = NO;
				DEBUG_INFORMATION_FORMAT = "dwarf-with-dsym";
				ENABLE_NS_ASSERTIONS = NO;
				ENABLE_STRICT_OBJC_MSGSEND = YES;
				GCC_C_LANGUAGE_STANDARD = gnu11;
				GCC_NO_COMMON_BLOCKS = YES;
				GCC_WARN_64_TO_32_BIT_CONVERSION = YES;
				GCC_WARN_ABOUT_RETURN_TYPE = YES_ERROR;
				GCC_WARN_UNDECLARED_SELECTOR = YES;
				GCC_WARN_UNINITIALIZED_AUTOS = YES_AGGRESSIVE;
				GCC_WARN_UNUSED_FUNCTION = YES;
				GCC_WARN_UNUSED_VARIABLE = YES;
				IPHONEOS_DEPLOYMENT_TARGET = 15.2;
				MTL_ENABLE_DEBUG_INFO = NO;
				MTL_FAST_MATH = YES;
				SDKROOT = iphoneos;
				SWIFT_COMPILATION_MODE = wholemodule;
				SWIFT_OPTIMIZATION_LEVEL = "-O";
				VALIDATE_PRODUCT = YES;
			};
			name = Release;
		};
		7F14046C283BE7C2005AD5B9 /* Debug */ = {
			isa = XCBuildConfiguration;
			baseConfigurationReference = AB04F44FC0F316BEC8662150 /* Pods-NormExchange.debug.xcconfig */;
			buildSettings = {
				ASSETCATALOG_COMPILER_APPICON_NAME = AppIcon;
				ASSETCATALOG_COMPILER_GLOBAL_ACCENT_COLOR_NAME = AccentColor;
				CODE_SIGN_STYLE = Automatic;
				CURRENT_PROJECT_VERSION = 1;
				DEVELOPMENT_TEAM = 46JC74LR8Y;
				GENERATE_INFOPLIST_FILE = YES;
				INFOPLIST_FILE = NormExchange/Info.plist;
				INFOPLIST_KEY_UIApplicationSupportsIndirectInputEvents = YES;
				INFOPLIST_KEY_UILaunchStoryboardName = LaunchScreen;
				INFOPLIST_KEY_UIMainStoryboardFile = Main;
				INFOPLIST_KEY_UISupportedInterfaceOrientations_iPad = "UIInterfaceOrientationPortrait UIInterfaceOrientationPortraitUpsideDown UIInterfaceOrientationLandscapeLeft UIInterfaceOrientationLandscapeRight";
				INFOPLIST_KEY_UISupportedInterfaceOrientations_iPhone = "UIInterfaceOrientationPortrait UIInterfaceOrientationLandscapeLeft UIInterfaceOrientationLandscapeRight";
				LD_RUNPATH_SEARCH_PATHS = (
					"$(inherited)",
					"@executable_path/Frameworks",
				);
				MARKETING_VERSION = 1.0;
				PRODUCT_BUNDLE_IDENTIFIER = "Ilya-Romanenko.NormExc";
				PRODUCT_NAME = "$(TARGET_NAME)";
				SWIFT_EMIT_LOC_STRINGS = YES;
				SWIFT_VERSION = 5.0;
				TARGETED_DEVICE_FAMILY = "1,2";
			};
			name = Debug;
		};
		7F14046D283BE7C2005AD5B9 /* Release */ = {
			isa = XCBuildConfiguration;
			baseConfigurationReference = 8F6FD8E7181D0B9237811082 /* Pods-NormExchange.release.xcconfig */;
			buildSettings = {
				ASSETCATALOG_COMPILER_APPICON_NAME = AppIcon;
				ASSETCATALOG_COMPILER_GLOBAL_ACCENT_COLOR_NAME = AccentColor;
				CODE_SIGN_STYLE = Automatic;
				CURRENT_PROJECT_VERSION = 1;
				DEVELOPMENT_TEAM = 46JC74LR8Y;
				GENERATE_INFOPLIST_FILE = YES;
				INFOPLIST_FILE = NormExchange/Info.plist;
				INFOPLIST_KEY_UIApplicationSupportsIndirectInputEvents = YES;
				INFOPLIST_KEY_UILaunchStoryboardName = LaunchScreen;
				INFOPLIST_KEY_UIMainStoryboardFile = Main;
				INFOPLIST_KEY_UISupportedInterfaceOrientations_iPad = "UIInterfaceOrientationPortrait UIInterfaceOrientationPortraitUpsideDown UIInterfaceOrientationLandscapeLeft UIInterfaceOrientationLandscapeRight";
				INFOPLIST_KEY_UISupportedInterfaceOrientations_iPhone = "UIInterfaceOrientationPortrait UIInterfaceOrientationLandscapeLeft UIInterfaceOrientationLandscapeRight";
				LD_RUNPATH_SEARCH_PATHS = (
					"$(inherited)",
					"@executable_path/Frameworks",
				);
				MARKETING_VERSION = 1.0;
				PRODUCT_BUNDLE_IDENTIFIER = "Ilya-Romanenko.NormExc";
				PRODUCT_NAME = "$(TARGET_NAME)";
				SWIFT_EMIT_LOC_STRINGS = YES;
				SWIFT_VERSION = 5.0;
				TARGETED_DEVICE_FAMILY = "1,2";
			};
			name = Release;
		};
/* End XCBuildConfiguration section */

/* Begin XCConfigurationList section */
		7F140452283BE7C0005AD5B9 /* Build configuration list for PBXProject "NormExchange" */ = {
			isa = XCConfigurationList;
			buildConfigurations = (
				7F140469283BE7C2005AD5B9 /* Debug */,
				7F14046A283BE7C2005AD5B9 /* Release */,
			);
			defaultConfigurationIsVisible = 0;
			defaultConfigurationName = Release;
		};
		7F14046B283BE7C2005AD5B9 /* Build configuration list for PBXNativeTarget "NormExchange" */ = {
			isa = XCConfigurationList;
			buildConfigurations = (
				7F14046C283BE7C2005AD5B9 /* Debug */,
				7F14046D283BE7C2005AD5B9 /* Release */,
			);
			defaultConfigurationIsVisible = 0;
			defaultConfigurationName = Release;
		};
/* End XCConfigurationList section */
	};
	rootObject = 7F14044F283BE7C0005AD5B9 /* Project object */;
}
